
Microsoft Visual Studio Solution File, Format Version 12.00
# Visual Studio 15
VisualStudioVersion = 15.0.28307.1022
MinimumVisualStudioVersion = 10.0.40219.1
Project("{FAE04EC0-301F-11D3-BF4B-00C04F79EFBC}") = "ConsoleApp1", "ConsoleApp1\ConsoleApp1.csproj", "{DDF5457E-5877-4842-9CAA-DF9991C965C1}"
EndProject
Project("{FAE04EC0-301F-11D3-BF4B-00C04F79EFBC}") = "ConsoleApp2", "ConsoleApp2\ConsoleApp2.csproj", "{658F800C-AB5A-44B7-91A9-0A4DED5B53E7}"
EndProject
Global
	GlobalSection(SolutionConfigurationPlatforms) = preSolution
		Debug|Any CPU = Debug|Any CPU
		Release|Any CPU = Release|Any CPU
	EndGlobalSection
	GlobalSection(ProjectConfigurationPlatforms) = postSolution
		{DDF5457E-5877-4842-9CAA-DF9991C965C1}.Debug|Any CPU.ActiveCfg = Debug|Any CPU
		{DDF5457E-5877-4842-9CAA-DF9991C965C1}.Debug|Any CPU.Build.0 = Debug|Any CPU
		{DDF5457E-5877-4842-9CAA-DF9991C965C1}.Release|Any CPU.ActiveCfg = Release|Any CPU
		{DDF5457E-5877-4842-9CAA-DF9991C965C1}.Release|Any CPU.Build.0 = Release|Any CPU
		{658F800C-AB5A-44B7-91A9-0A4DED5B53E7}.Debug|Any CPU.ActiveCfg = Debug|Any CPU
		{658F800C-AB5A-44B7-91A9-0A4DED5B53E7}.Debug|Any CPU.Build.0 = Debug|Any CPU
		{658F800C-AB5A-44B7-91A9-0A4DED5B53E7}.Release|Any CPU.ActiveCfg = Release|Any CPU
		{658F800C-AB5A-44B7-91A9-0A4DED5B53E7}.Release|Any CPU.Build.0 = Release|Any CPU
	EndGlobalSection
	GlobalSection(SolutionProperties) = preSolution
		HideSolutionNode = FALSE
	EndGlobalSection
	GlobalSection(ExtensibilityGlobals) = postSolution
		SolutionGuid = {16A83EA4-5F53-4322-BA01-F3FC78048E36}
	EndGlobalSection
EndGlobal
