
Microsoft Visual Studio Solution File, Format Version 12.00
# Visual Studio 15
VisualStudioVersion = 15.0.28307.1022
MinimumVisualStudioVersion = 10.0.40219.1
Project("{FAE04EC0-301F-11D3-BF4B-00C04F79EFBC}") = "WindowsFormsApp1", "WindowsFormsApp1\WindowsFormsApp1.csproj", "{E9193EBF-CD07-426A-9E1F-F67B188B4061}"
EndProject
Global
	GlobalSection(SolutionConfigurationPlatforms) = preSolution
		Debug|Any CPU = Debug|Any CPU
		Release|Any CPU = Release|Any CPU
	EndGlobalSection
	GlobalSection(ProjectConfigurationPlatforms) = postSolution
		{E9193EBF-CD07-426A-9E1F-F67B188B4061}.Debug|Any CPU.ActiveCfg = Debug|Any CPU
		{E9193EBF-CD07-426A-9E1F-F67B188B4061}.Debug|Any CPU.Build.0 = Debug|Any CPU
		{E9193EBF-CD07-426A-9E1F-F67B188B4061}.Release|Any CPU.ActiveCfg = Release|Any CPU
		{E9193EBF-CD07-426A-9E1F-F67B188B4061}.Release|Any CPU.Build.0 = Release|Any CPU
	EndGlobalSection
	GlobalSection(SolutionProperties) = preSolution
		HideSolutionNode = FALSE
	EndGlobalSection
	GlobalSection(ExtensibilityGlobals) = postSolution
		SolutionGuid = {C4479F2C-D5E9-4C14-B5BA-9642AF6E2659}
	EndGlobalSection
EndGlobal
